{
  "name": "teenyicons-font",
  "version": "1.0.0",
  "lockfileVersion": 2,
  "requires": true,
  "packages": {
    "": {
      "version": "1.0.0",
      "license": "ISC",
      "dependencies": {
        "teenyicons": "^0.4.1"
      }
    },
    "node_modules/teenyicons": {
      "version": "0.4.1",
      "resolved": "https://registry.npmjs.org/teenyicons/-/teenyicons-0.4.1.tgz",
      "integrity": "sha512-cr3CJy0ai7CbED2Ao9DgEevz9HPB2D/PaNewPuSlHIyRTQyxgEpFl0DzpjtcL4ygeIrRBZzW2aDXxm5TZEPetg=="
    }
  },
  "dependencies": {
    "teenyicons": {
      "version": "0.4.1",
      "resolved": "https://registry.npmjs.org/teenyicons/-/teenyicons-0.4.1.tgz",
      "integrity": "sha512-cr3CJy0ai7CbED2Ao9DgEevz9HPB2D/PaNewPuSlHIyRTQyxgEpFl0DzpjtcL4ygeIrRBZzW2aDXxm5TZEPetg=="
    }
  }
}
